// !$*UTF8*$!
{
	archiveVersion = 1;
	classes = {
	};
	objectVersion = 46;
	objects = {

/* Begin PBXBuildFile section */
		8373C9C8152AE52D00988ADC /* MSSysLogReceiver.m in Sources */ = {isa = PBXBuildFile; fileRef = 8373C9C7152AE52D00988ADC /* MSSysLogReceiver.m */; };
		8373C9CB152AE61300988ADC /* MSNetworkHelper.m in Sources */ = {isa = PBXBuildFile; fileRef = 8373C9CA152AE61300988ADC /* MSNetworkHelper.m */; };
		8385B9E9152AFAD300155871 /* MSSysLogEntry.m in Sources */ = {isa = PBXBuildFile; fileRef = 8385B9E8152AFAD300155871 /* MSSysLogEntry.m */; };
		8385B9ED152B148400155871 /* red.png in Resources */ = {isa = PBXBuildFile; fileRef = 8385B9EC152B148400155871 /* red.png */; };
		8385B9F0152B16E500155871 /* black.png in Resources */ = {isa = PBXBuildFile; fileRef = 8385B9EE152B16E500155871 /* black.png */; };
		8385B9F1152B16E500155871 /* orange.png in Resources */ = {isa = PBXBuildFile; fileRef = 8385B9EF152B16E500155871 /* orange.png */; };
		8385B9F8152B2CCF00155871 /* MSSettingsTableViewController.m in Sources */ = {isa = PBXBuildFile; fileRef = 8385B9F7152B2CCF00155871 /* MSSettingsTableViewController.m */; };
		83B7890F152B6AE300623E84 /* MSSyslogEntryViewController.m in Sources */ = {isa = PBXBuildFile; fileRef = 83B7890E152B6AE300623E84 /* MSSyslogEntryViewController.m */; };
		83B78911152C5FE100623E84 /* Defaults.plist in Resources */ = {isa = PBXBuildFile; fileRef = 83B78910152C5FE100623E84 /* Defaults.plist */; };
		83B78914152C8A2100623E84 /* Default-Landscape~ipad.png in Resources */ = {isa = PBXBuildFile; fileRef = 83B78912152C8A2100623E84 /* Default-Landscape~ipad.png */; };
		83B78915152C8A2100623E84 /* Default-Portrait~ipad.png in Resources */ = {isa = PBXBuildFile; fileRef = 83B78913152C8A2100623E84 /* Default-Portrait~ipad.png */; };
		83B78918152C8C6500623E84 /* iTunesArtwork in Resources */ = {isa = PBXBuildFile; fileRef = 83B78916152C8C6500623E84 /* iTunesArtwork */; };
		83B78919152C8C6500623E84 /* iPad-AppIcon1024x1024.png in Resources */ = {isa = PBXBuildFile; fileRef = 83B78917152C8C6500623E84 /* iPad-AppIcon1024x1024.png */; };
		83B7891B152C8E1000623E84 /* Icon-72.png in Resources */ = {isa = PBXBuildFile; fileRef = 83B7891A152C8E0F00623E84 /* Icon-72.png */; };
		83B7891D152C8ECD00623E84 /* Icon.png in Resources */ = {isa = PBXBuildFile; fileRef = 83B7891C152C8ECD00623E84 /* Icon.png */; };
		83B7891F152CA13700623E84 /* Icon@2x.png in Resources */ = {isa = PBXBuildFile; fileRef = 83B7891E152CA13700623E84 /* Icon@2x.png */; };
		83B78925152CA21800623E84 /* Icon-144.png in Resources */ = {isa = PBXBuildFile; fileRef = 83B78924152CA21800623E84 /* Icon-144.png */; };
		83B78928152CA4BD00623E84 /* Default-Portrait@2x~ipad.png in Resources */ = {isa = PBXBuildFile; fileRef = 83B78927152CA4BD00623E84 /* Default-Portrait@2x~ipad.png */; };
		83B7892A152CA4D100623E84 /* Default-Landscape@2x~ipad.png in Resources */ = {isa = PBXBuildFile; fileRef = 83B78929152CA4D000623E84 /* Default-Landscape@2x~ipad.png */; };
		83B7892C152CA6BB00623E84 /* Default.png in Resources */ = {isa = PBXBuildFile; fileRef = 83B7892B152CA6BB00623E84 /* Default.png */; };
		83B7892E152CA6C700623E84 /* Default@2x.png in Resources */ = {isa = PBXBuildFile; fileRef = 83B7892D152CA6C700623E84 /* Default@2x.png */; };
		83C8A7631501274A0098A280 /* UIKit.framework in Frameworks */ = {isa = PBXBuildFile; fileRef = 83C8A7621501274A0098A280 /* UIKit.framework */; };
		83C8A7651501274A0098A280 /* Foundation.framework in Frameworks */ = {isa = PBXBuildFile; fileRef = 83C8A7641501274A0098A280 /* Foundation.framework */; };
		83C8A7671501274A0098A280 /* CoreGraphics.framework in Frameworks */ = {isa = PBXBuildFile; fileRef = 83C8A7661501274A0098A280 /* CoreGraphics.framework */; };
		83C8A76D1501274A0098A280 /* InfoPlist.strings in Resources */ = {isa = PBXBuildFile; fileRef = 83C8A76B1501274A0098A280 /* InfoPlist.strings */; };
		83C8A76F1501274A0098A280 /* main.m in Sources */ = {isa = PBXBuildFile; fileRef = 83C8A76E1501274A0098A280 /* main.m */; };
		83C8A7731501274A0098A280 /* MSAppDelegate.m in Sources */ = {isa = PBXBuildFile; fileRef = 83C8A7721501274A0098A280 /* MSAppDelegate.m */; };
		83C8A7761501274A0098A280 /* MainStoryboard_iPhone.storyboard in Resources */ = {isa = PBXBuildFile; fileRef = 83C8A7741501274A0098A280 /* MainStoryboard_iPhone.storyboard */; };
		83C8A7791501274A0098A280 /* MainStoryboard_iPad.storyboard in Resources */ = {isa = PBXBuildFile; fileRef = 83C8A7771501274A0098A280 /* MainStoryboard_iPad.storyboard */; };
		83C8A77C1501274A0098A280 /* MSViewController.m in Sources */ = {isa = PBXBuildFile; fileRef = 83C8A77B1501274A0098A280 /* MSViewController.m */; };
		83C8A783150127B80098A280 /* CFNetwork.framework in Frameworks */ = {isa = PBXBuildFile; fileRef = 83C8A782150127B80098A280 /* CFNetwork.framework */; };
		83C8A7861501282C0098A280 /* AsyncUdpSocket.m in Sources */ = {isa = PBXBuildFile; fileRef = 83C8A7851501282C0098A280 /* AsyncUdpSocket.m */; };
/* End PBXBuildFile section */

/* Begin PBXFileReference section */
		8373C9C6152AE52D00988ADC /* MSSysLogReceiver.h */ = {isa = PBXFileReference; fileEncoding = 4; lastKnownFileType = sourcecode.c.h; path = MSSysLogReceiver.h; sourceTree = "<group>"; };
		8373C9C7152AE52D00988ADC /* MSSysLogReceiver.m */ = {isa = PBXFileReference; fileEncoding = 4; lastKnownFileType = sourcecode.c.objc; path = MSSysLogReceiver.m; sourceTree = "<group>"; };
		8373C9C9152AE61300988ADC /* MSNetworkHelper.h */ = {isa = PBXFileReference; fileEncoding = 4; lastKnownFileType = sourcecode.c.h; path = MSNetworkHelper.h; sourceTree = "<group>"; };
		8373C9CA152AE61300988ADC /* MSNetworkHelper.m */ = {isa = PBXFileReference; fileEncoding = 4; lastKnownFileType = sourcecode.c.objc; path = MSNetworkHelper.m; sourceTree = "<group>"; };
		8385B9E7152AFAD300155871 /* MSSysLogEntry.h */ = {isa = PBXFileReference; fileEncoding = 4; lastKnownFileType = sourcecode.c.h; path = MSSysLogEntry.h; sourceTree = "<group>"; };
		8385B9E8152AFAD300155871 /* MSSysLogEntry.m */ = {isa = PBXFileReference; fileEncoding = 4; lastKnownFileType = sourcecode.c.objc; path = MSSysLogEntry.m; sourceTree = "<group>"; };
		8385B9EC152B148400155871 /* red.png */ = {isa = PBXFileReference; lastKnownFileType = image.png; path = red.png; sourceTree = "<group>"; };
		8385B9EE152B16E500155871 /* black.png */ = {isa = PBXFileReference; lastKnownFileType = image.png; path = black.png; sourceTree = "<group>"; };
		8385B9EF152B16E500155871 /* orange.png */ = {isa = PBXFileReference; lastKnownFileType = image.png; path = orange.png; sourceTree = "<group>"; };
		8385B9F6152B2CCF00155871 /* MSSettingsTableViewController.h */ = {isa = PBXFileReference; fileEncoding = 4; lastKnownFileType = sourcecode.c.h; path = MSSettingsTableViewController.h; sourceTree = "<group>"; };
		8385B9F7152B2CCF00155871 /* MSSettingsTableViewController.m */ = {isa = PBXFileReference; fileEncoding = 4; lastKnownFileType = sourcecode.c.objc; path = MSSettingsTableViewController.m; sourceTree = "<group>"; };
		83B7890D152B6AE300623E84 /* MSSyslogEntryViewController.h */ = {isa = PBXFileReference; fileEncoding = 4; lastKnownFileType = sourcecode.c.h; path = MSSyslogEntryViewController.h; sourceTree = "<group>"; };
		83B7890E152B6AE300623E84 /* MSSyslogEntryViewController.m */ = {isa = PBXFileReference; fileEncoding = 4; lastKnownFileType = sourcecode.c.objc; path = MSSyslogEntryViewController.m; sourceTree = "<group>"; };
		83B78910152C5FE100623E84 /* Defaults.plist */ = {isa = PBXFileReference; fileEncoding = 4; lastKnownFileType = text.plist.xml; path = Defaults.plist; sourceTree = "<group>"; };
		83B78912152C8A2100623E84 /* Default-Landscape~ipad.png */ = {isa = PBXFileReference; lastKnownFileType = image.png; path = "Default-Landscape~ipad.png"; sourceTree = "<group>"; };
		83B78913152C8A2100623E84 /* Default-Portrait~ipad.png */ = {isa = PBXFileReference; lastKnownFileType = image.png; path = "Default-Portrait~ipad.png"; sourceTree = "<group>"; };
		83B78916152C8C6500623E84 /* iTunesArtwork */ = {isa = PBXFileReference; lastKnownFileType = file; path = iTunesArtwork; sourceTree = "<group>"; };
		83B78917152C8C6500623E84 /* iPad-AppIcon1024x1024.png */ = {isa = PBXFileReference; lastKnownFileType = image.png; path = "iPad-AppIcon1024x1024.png"; sourceTree = "<group>"; };
		83B7891A152C8E0F00623E84 /* Icon-72.png */ = {isa = PBXFileReference; lastKnownFileType = image.png; path = "Icon-72.png"; sourceTree = "<group>"; };
		83B7891C152C8ECD00623E84 /* Icon.png */ = {isa = PBXFileReference; lastKnownFileType = image.png; path = Icon.png; sourceTree = "<group>"; };
		83B7891E152CA13700623E84 /* Icon@2x.png */ = {isa = PBXFileReference; lastKnownFileType = image.png; path = "Icon@2x.png"; sourceTree = "<group>"; };
		83B78924152CA21800623E84 /* Icon-144.png */ = {isa = PBXFileReference; lastKnownFileType = image.png; name = "Icon-144.png"; path = "../../Icon-144.png"; sourceTree = "<group>"; };
		83B78927152CA4BD00623E84 /* Default-Portrait@2x~ipad.png */ = {isa = PBXFileReference; lastKnownFileType = image.png; name = "Default-Portrait@2x~ipad.png"; path = "../../Default-Portrait@2x~ipad.png"; sourceTree = "<group>"; };
		83B78929152CA4D000623E84 /* Default-Landscape@2x~ipad.png */ = {isa = PBXFileReference; lastKnownFileType = image.png; name = "Default-Landscape@2x~ipad.png"; path = "../../Default-Landscape@2x~ipad.png"; sourceTree = "<group>"; };
		83B7892B152CA6BB00623E84 /* Default.png */ = {isa = PBXFileReference; lastKnownFileType = image.png; name = Default.png; path = ../../Default.png; sourceTree = "<group>"; };
		83B7892D152CA6C700623E84 /* Default@2x.png */ = {isa = PBXFileReference; lastKnownFileType = image.png; name = "Default@2x.png"; path = "../../Default@2x.png"; sourceTree = "<group>"; };
		83C8A75E1501274A0098A280 /* SysLogViewer.app */ = {isa = PBXFileReference; explicitFileType = wrapper.application; includeInIndex = 0; path = SysLogViewer.app; sourceTree = BUILT_PRODUCTS_DIR; };
		83C8A7621501274A0098A280 /* UIKit.framework */ = {isa = PBXFileReference; lastKnownFileType = wrapper.framework; name = UIKit.framework; path = System/Library/Frameworks/UIKit.framework; sourceTree = SDKROOT; };
		83C8A7641501274A0098A280 /* Foundation.framework */ = {isa = PBXFileReference; lastKnownFileType = wrapper.framework; name = Foundation.framework; path = System/Library/Frameworks/Foundation.framework; sourceTree = SDKROOT; };
		83C8A7661501274A0098A280 /* CoreGraphics.framework */ = {isa = PBXFileReference; lastKnownFileType = wrapper.framework; name = CoreGraphics.framework; path = System/Library/Frameworks/CoreGraphics.framework; sourceTree = SDKROOT; };
		83C8A76A1501274A0098A280 /* SysLogViewer-Info.plist */ = {isa = PBXFileReference; lastKnownFileType = text.plist.xml; path = "SysLogViewer-Info.plist"; sourceTree = "<group>"; };
		83C8A76C1501274A0098A280 /* en */ = {isa = PBXFileReference; lastKnownFileType = text.plist.strings; name = en; path = en.lproj/InfoPlist.strings; sourceTree = "<group>"; };
		83C8A76E1501274A0098A280 /* main.m */ = {isa = PBXFileReference; lastKnownFileType = sourcecode.c.objc; path = main.m; sourceTree = "<group>"; };
		83C8A7701501274A0098A280 /* SysLogViewer-Prefix.pch */ = {isa = PBXFileReference; lastKnownFileType = sourcecode.c.h; path = "SysLogViewer-Prefix.pch"; sourceTree = "<group>"; };
		83C8A7711501274A0098A280 /* MSAppDelegate.h */ = {isa = PBXFileReference; lastKnownFileType = sourcecode.c.h; path = MSAppDelegate.h; sourceTree = "<group>"; };
		83C8A7721501274A0098A280 /* MSAppDelegate.m */ = {isa = PBXFileReference; lastKnownFileType = sourcecode.c.objc; path = MSAppDelegate.m; sourceTree = "<group>"; };
		83C8A7751501274A0098A280 /* en */ = {isa = PBXFileReference; lastKnownFileType = file.storyboard; name = en; path = en.lproj/MainStoryboard_iPhone.storyboard; sourceTree = "<group>"; };
		83C8A7781501274A0098A280 /* en */ = {isa = PBXFileReference; lastKnownFileType = file.storyboard; name = en; path = en.lproj/MainStoryboard_iPad.storyboard; sourceTree = "<group>"; };
		83C8A77A1501274A0098A280 /* MSViewController.h */ = {isa = PBXFileReference; lastKnownFileType = sourcecode.c.h; path = MSViewController.h; sourceTree = "<group>"; };
		83C8A77B1501274A0098A280 /* MSViewController.m */ = {isa = PBXFileReference; lastKnownFileType = sourcecode.c.objc; path = MSViewController.m; sourceTree = "<group>"; };
		83C8A782150127B80098A280 /* CFNetwork.framework */ = {isa = PBXFileReference; lastKnownFileType = wrapper.framework; name = CFNetwork.framework; path = System/Library/Frameworks/CFNetwork.framework; sourceTree = SDKROOT; };
		83C8A7841501282C0098A280 /* AsyncUdpSocket.h */ = {isa = PBXFileReference; fileEncoding = 4; lastKnownFileType = sourcecode.c.h; path = AsyncUdpSocket.h; sourceTree = "<group>"; };
		83C8A7851501282C0098A280 /* AsyncUdpSocket.m */ = {isa = PBXFileReference; fileEncoding = 4; lastKnownFileType = sourcecode.c.objc; path = AsyncUdpSocket.m; sourceTree = "<group>"; };
/* End PBXFileReference section */

/* Begin PBXFrameworksBuildPhase section */
		83C8A75B1501274A0098A280 /* Frameworks */ = {
			isa = PBXFrameworksBuildPhase;
			buildActionMask = 2147483647;
			files = (
				83C8A783150127B80098A280 /* CFNetwork.framework in Frameworks */,
				83C8A7631501274A0098A280 /* UIKit.framework in Frameworks */,
				83C8A7651501274A0098A280 /* Foundation.framework in Frameworks */,
				83C8A7671501274A0098A280 /* CoreGraphics.framework in Frameworks */,
			);
			runOnlyForDeploymentPostprocessing = 0;
		};
/* End PBXFrameworksBuildPhase section */

/* Begin PBXGroup section */
		8373C9C5152AE50400988ADC /* Model */ = {
			isa = PBXGroup;
			children = (
				8373C9C6152AE52D00988ADC /* MSSysLogReceiver.h */,
				8373C9C7152AE52D00988ADC /* MSSysLogReceiver.m */,
				8373C9C9152AE61300988ADC /* MSNetworkHelper.h */,
				8373C9CA152AE61300988ADC /* MSNetworkHelper.m */,
				8385B9E7152AFAD300155871 /* MSSysLogEntry.h */,
				8385B9E8152AFAD300155871 /* MSSysLogEntry.m */,
			);
			name = Model;
			sourceTree = "<group>";
		};
		8385B9EB152B148400155871 /* Images */ = {
			isa = PBXGroup;
			children = (
				83B7892D152CA6C700623E84 /* Default@2x.png */,
				83B7892B152CA6BB00623E84 /* Default.png */,
				83B78927152CA4BD00623E84 /* Default-Portrait@2x~ipad.png */,
				83B78929152CA4D000623E84 /* Default-Landscape@2x~ipad.png */,
				83B78924152CA21800623E84 /* Icon-144.png */,
				83B7891E152CA13700623E84 /* Icon@2x.png */,
				83B7891C152C8ECD00623E84 /* Icon.png */,
				83B7891A152C8E0F00623E84 /* Icon-72.png */,
				83B78912152C8A2100623E84 /* Default-Landscape~ipad.png */,
				83B78913152C8A2100623E84 /* Default-Portrait~ipad.png */,
				83B78916152C8C6500623E84 /* iTunesArtwork */,
				83B78917152C8C6500623E84 /* iPad-AppIcon1024x1024.png */,
				8385B9EE152B16E500155871 /* black.png */,
				8385B9EF152B16E500155871 /* orange.png */,
				8385B9EC152B148400155871 /* red.png */,
			);
			path = Images;
			sourceTree = "<group>";
		};
		8385B9F4152B2C9B00155871 /* Views */ = {
			isa = PBXGroup;
			children = (
				83C8A7741501274A0098A280 /* MainStoryboard_iPhone.storyboard */,
				83C8A7771501274A0098A280 /* MainStoryboard_iPad.storyboard */,
			);
			name = Views;
			sourceTree = "<group>";
		};
		8385B9F5152B2CA900155871 /* Controllers */ = {
			isa = PBXGroup;
			children = (
				83C8A77A1501274A0098A280 /* MSViewController.h */,
				83C8A77B1501274A0098A280 /* MSViewController.m */,
				8385B9F6152B2CCF00155871 /* MSSettingsTableViewController.h */,
				8385B9F7152B2CCF00155871 /* MSSettingsTableViewController.m */,
				83B7890D152B6AE300623E84 /* MSSyslogEntryViewController.h */,
				83B7890E152B6AE300623E84 /* MSSyslogEntryViewController.m */,
			);
			name = Controllers;
			sourceTree = "<group>";
		};
		83C8A753150127490098A280 = {
			isa = PBXGroup;
			children = (
				83C8A7681501274A0098A280 /* SysLogViewer */,
				83C8A7611501274A0098A280 /* Frameworks */,
				83C8A75F1501274A0098A280 /* Products */,
			);
			sourceTree = "<group>";
		};
		83C8A75F1501274A0098A280 /* Products */ = {
			isa = PBXGroup;
			children = (
				83C8A75E1501274A0098A280 /* SysLogViewer.app */,
			);
			name = Products;
			sourceTree = "<group>";
		};
		83C8A7611501274A0098A280 /* Frameworks */ = {
			isa = PBXGroup;
			children = (
				83C8A782150127B80098A280 /* CFNetwork.framework */,
				83C8A7621501274A0098A280 /* UIKit.framework */,
				83C8A7641501274A0098A280 /* Foundation.framework */,
				83C8A7661501274A0098A280 /* CoreGraphics.framework */,
			);
			name = Frameworks;
			sourceTree = "<group>";
		};
		83C8A7681501274A0098A280 /* SysLogViewer */ = {
			isa = PBXGroup;
			children = (
				8385B9F5152B2CA900155871 /* Controllers */,
				8385B9F4152B2C9B00155871 /* Views */,
				8385B9EB152B148400155871 /* Images */,
				8373C9C5152AE50400988ADC /* Model */,
				83C8A787150128310098A280 /* UDP */,
				83C8A7711501274A0098A280 /* MSAppDelegate.h */,
				83C8A7721501274A0098A280 /* MSAppDelegate.m */,
				83C8A7691501274A0098A280 /* Supporting Files */,
			);
			path = SysLogViewer;
			sourceTree = "<group>";
		};
		83C8A7691501274A0098A280 /* Supporting Files */ = {
			isa = PBXGroup;
			children = (
				83C8A76A1501274A0098A280 /* SysLogViewer-Info.plist */,
				83C8A76B1501274A0098A280 /* InfoPlist.strings */,
				83C8A76E1501274A0098A280 /* main.m */,
				83C8A7701501274A0098A280 /* SysLogViewer-Prefix.pch */,
				83B78910152C5FE100623E84 /* Defaults.plist */,
			);
			name = "Supporting Files";
			sourceTree = "<group>";
		};
		83C8A787150128310098A280 /* UDP */ = {
			isa = PBXGroup;
			children = (
				83C8A7841501282C0098A280 /* AsyncUdpSocket.h */,
				83C8A7851501282C0098A280 /* AsyncUdpSocket.m */,
			);
			name = UDP;
			sourceTree = "<group>";
		};
/* End PBXGroup section */

/* Begin PBXNativeTarget section */
		83C8A75D1501274A0098A280 /* SysLogViewer */ = {
			isa = PBXNativeTarget;
			buildConfigurationList = 83C8A77F1501274A0098A280 /* Build configuration list for PBXNativeTarget "SysLogViewer" */;
			buildPhases = (
				83C8A75A1501274A0098A280 /* Sources */,
				83C8A75B1501274A0098A280 /* Frameworks */,
				83C8A75C1501274A0098A280 /* Resources */,
			);
			buildRules = (
			);
			dependencies = (
			);
			name = SysLogViewer;
			productName = SysLogViewer;
			productReference = 83C8A75E1501274A0098A280 /* SysLogViewer.app */;
			productType = "com.apple.product-type.application";
		};
/* End PBXNativeTarget section */

/* Begin PBXProject section */
		83C8A755150127490098A280 /* Project object */ = {
			isa = PBXProject;
			attributes = {
				LastUpgradeCheck = 0430;
				ORGANIZATIONNAME = MillsySoft;
			};
			buildConfigurationList = 83C8A758150127490098A280 /* Build configuration list for PBXProject "SysLogViewer" */;
			compatibilityVersion = "Xcode 3.2";
			developmentRegion = English;
			hasScannedForEncodings = 0;
			knownRegions = (
				en,
			);
			mainGroup = 83C8A753150127490098A280;
			productRefGroup = 83C8A75F1501274A0098A280 /* Products */;
			projectDirPath = "";
			projectRoot = "";
			targets = (
				83C8A75D1501274A0098A280 /* SysLogViewer */,
			);
		};
/* End PBXProject section */

/* Begin PBXResourcesBuildPhase section */
		83C8A75C1501274A0098A280 /* Resources */ = {
			isa = PBXResourcesBuildPhase;
			buildActionMask = 2147483647;
			files = (
				83C8A76D1501274A0098A280 /* InfoPlist.strings in Resources */,
				83C8A7761501274A0098A280 /* MainStoryboard_iPhone.storyboard in Resources */,
				83C8A7791501274A0098A280 /* MainStoryboard_iPad.storyboard in Resources */,
				8385B9ED152B148400155871 /* red.png in Resources */,
				8385B9F0152B16E500155871 /* black.png in Resources */,
				8385B9F1152B16E500155871 /* orange.png in Resources */,
				83B78911152C5FE100623E84 /* Defaults.plist in Resources */,
				83B78914152C8A2100623E84 /* Default-Landscape~ipad.png in Resources */,
				83B78915152C8A2100623E84 /* Default-Portrait~ipad.png in Resources */,
				83B78918152C8C6500623E84 /* iTunesArtwork in Resources */,
				83B78919152C8C6500623E84 /* iPad-AppIcon1024x1024.png in Resources */,
				83B7891B152C8E1000623E84 /* Icon-72.png in Resources */,
				83B7891D152C8ECD00623E84 /* Icon.png in Resources */,
				83B7891F152CA13700623E84 /* Icon@2x.png in Resources */,
				83B78925152CA21800623E84 /* Icon-144.png in Resources */,
				83B78928152CA4BD00623E84 /* Default-Portrait@2x~ipad.png in Resources */,
				83B7892A152CA4D100623E84 /* Default-Landscape@2x~ipad.png in Resources */,
				83B7892C152CA6BB00623E84 /* Default.png in Resources */,
				83B7892E152CA6C700623E84 /* Default@2x.png in Resources */,
			);
			runOnlyForDeploymentPostprocessing = 0;
		};
/* End PBXResourcesBuildPhase section */

/* Begin PBXSourcesBuildPhase section */
		83C8A75A1501274A0098A280 /* Sources */ = {
			isa = PBXSourcesBuildPhase;
			buildActionMask = 2147483647;
			files = (
				83C8A76F1501274A0098A280 /* main.m in Sources */,
				83C8A7731501274A0098A280 /* MSAppDelegate.m in Sources */,
				83C8A77C1501274A0098A280 /* MSViewController.m in Sources */,
				83C8A7861501282C0098A280 /* AsyncUdpSocket.m in Sources */,
				8373C9C8152AE52D00988ADC /* MSSysLogReceiver.m in Sources */,
				8373C9CB152AE61300988ADC /* MSNetworkHelper.m in Sources */,
				8385B9E9152AFAD300155871 /* MSSysLogEntry.m in Sources */,
				8385B9F8152B2CCF00155871 /* MSSettingsTableViewController.m in Sources */,
				83B7890F152B6AE300623E84 /* MSSyslogEntryViewController.m in Sources */,
			);
			runOnlyForDeploymentPostprocessing = 0;
		};
/* End PBXSourcesBuildPhase section */

/* Begin PBXVariantGroup section */
		83C8A76B1501274A0098A280 /* InfoPlist.strings */ = {
			isa = PBXVariantGroup;
			children = (
				83C8A76C1501274A0098A280 /* en */,
			);
			name = InfoPlist.strings;
			sourceTree = "<group>";
		};
		83C8A7741501274A0098A280 /* MainStoryboard_iPhone.storyboard */ = {
			isa = PBXVariantGroup;
			children = (
				83C8A7751501274A0098A280 /* en */,
			);
			name = MainStoryboard_iPhone.storyboard;
			sourceTree = "<group>";
		};
		83C8A7771501274A0098A280 /* MainStoryboard_iPad.storyboard */ = {
			isa = PBXVariantGroup;
			children = (
				83C8A7781501274A0098A280 /* en */,
			);
			name = MainStoryboard_iPad.storyboard;
			sourceTree = "<group>";
		};
/* End PBXVariantGroup section */

/* Begin XCBuildConfiguration section */
		83C8A77D1501274A0098A280 /* Debug */ = {
			isa = XCBuildConfiguration;
			buildSettings = {
				ALWAYS_SEARCH_USER_PATHS = NO;
				ARCHS = "$(ARCHS_STANDARD_32_BIT)";
				CLANG_ENABLE_OBJC_ARC = YES;
				"CODE_SIGN_IDENTITY[sdk=iphoneos*]" = "iPhone Developer";
				COPY_PHASE_STRIP = NO;
				GCC_C_LANGUAGE_STANDARD = gnu99;
				GCC_DYNAMIC_NO_PIC = NO;
				GCC_OPTIMIZATION_LEVEL = 0;
				GCC_PREPROCESSOR_DEFINITIONS = (
					"DEBUG=1",
					"$(inherited)",
				);
				GCC_SYMBOLS_PRIVATE_EXTERN = NO;
				GCC_VERSION = com.apple.compilers.llvm.clang.1_0;
				GCC_WARN_ABOUT_MISSING_PROTOTYPES = YES;
				GCC_WARN_ABOUT_RETURN_TYPE = YES;
				GCC_WARN_UNUSED_VARIABLE = YES;
				IPHONEOS_DEPLOYMENT_TARGET = 5.0;
				SDKROOT = iphoneos;
				TARGETED_DEVICE_FAMILY = "1,2";
			};
			name = Debug;
		};
		83C8A77E1501274A0098A280 /* Release */ = {
			isa = XCBuildConfiguration;
			buildSettings = {
				ALWAYS_SEARCH_USER_PATHS = NO;
				ARCHS = "$(ARCHS_STANDARD_32_BIT)";
				CLANG_ENABLE_OBJC_ARC = YES;
				"CODE_SIGN_IDENTITY[sdk=iphoneos*]" = "iPhone Developer";
				COPY_PHASE_STRIP = YES;
				GCC_C_LANGUAGE_STANDARD = gnu99;
				GCC_VERSION = com.apple.compilers.llvm.clang.1_0;
				GCC_WARN_ABOUT_MISSING_PROTOTYPES = YES;
				GCC_WARN_ABOUT_RETURN_TYPE = YES;
				GCC_WARN_UNUSED_VARIABLE = YES;
				IPHONEOS_DEPLOYMENT_TARGET = 5.0;
				OTHER_CFLAGS = "-DNS_BLOCK_ASSERTIONS=1";
				SDKROOT = iphoneos;
				TARGETED_DEVICE_FAMILY = "1,2";
				VALIDATE_PRODUCT = YES;
			};
			name = Release;
		};
		83C8A7801501274A0098A280 /* Debug */ = {
			isa = XCBuildConfiguration;
			buildSettings = {
				CLANG_ENABLE_OBJC_ARC = NO;
				GCC_PRECOMPILE_PREFIX_HEADER = YES;
				GCC_PREFIX_HEADER = "SysLogViewer/SysLogViewer-Prefix.pch";
				INFOPLIST_FILE = "SysLogViewer/SysLogViewer-Info.plist";
				PRODUCT_NAME = "$(TARGET_NAME)";
				WRAPPER_EXTENSION = app;
			};
			name = Debug;
		};
		83C8A7811501274A0098A280 /* Release */ = {
			isa = XCBuildConfiguration;
			buildSettings = {
				CLANG_ENABLE_OBJC_ARC = NO;
				GCC_PRECOMPILE_PREFIX_HEADER = YES;
				GCC_PREFIX_HEADER = "SysLogViewer/SysLogViewer-Prefix.pch";
				INFOPLIST_FILE = "SysLogViewer/SysLogViewer-Info.plist";
				PRODUCT_NAME = "$(TARGET_NAME)";
				WRAPPER_EXTENSION = app;
			};
			name = Release;
		};
/* End XCBuildConfiguration section */

/* Begin XCConfigurationList section */
		83C8A758150127490098A280 /* Build configuration list for PBXProject "SysLogViewer" */ = {
			isa = XCConfigurationList;
			buildConfigurations = (
				83C8A77D1501274A0098A280 /* Debug */,
				83C8A77E1501274A0098A280 /* Release */,
			);
			defaultConfigurationIsVisible = 0;
			defaultConfigurationName = Release;
		};
		83C8A77F1501274A0098A280 /* Build configuration list for PBXNativeTarget "SysLogViewer" */ = {
			isa = XCConfigurationList;
			buildConfigurations = (
				83C8A7801501274A0098A280 /* Debug */,
				83C8A7811501274A0098A280 /* Release */,
			);
			defaultConfigurationIsVisible = 0;
			defaultConfigurationName = Release;
		};
/* End XCConfigurationList section */
	};
	rootObject = 83C8A755150127490098A280 /* Project object */;
}
